
Microsoft Visual Studio Solution File, Format Version 12.00
# Visual Studio Version 17
VisualStudioVersion = 17.2.32616.157
MinimumVisualStudioVersion = 10.0.40219.1
Project("{FAE04EC0-301F-11D3-BF4B-00C04F79EFBC}") = "assigment 18", "assigment 18.csproj", "{80C78416-4232-4624-8E76-86B7BAD92CF0}"
EndProject
Global
	GlobalSection(SolutionConfigurationPlatforms) = preSolution
		Debug|Any CPU = Debug|Any CPU
		Release|Any CPU = Release|Any CPU
	EndGlobalSection
	GlobalSection(ProjectConfigurationPlatforms) = postSolution
		{80C78416-4232-4624-8E76-86B7BAD92CF0}.Debug|Any CPU.ActiveCfg = Debug|Any CPU
		{80C78416-4232-4624-8E76-86B7BAD92CF0}.Debug|Any CPU.Build.0 = Debug|Any CPU
		{80C78416-4232-4624-8E76-86B7BAD92CF0}.Release|Any CPU.ActiveCfg = Release|Any CPU
		{80C78416-4232-4624-8E76-86B7BAD92CF0}.Release|Any CPU.Build.0 = Release|Any CPU
	EndGlobalSection
	GlobalSection(SolutionProperties) = preSolution
		HideSolutionNode = FALSE
	EndGlobalSection
	GlobalSection(ExtensibilityGlobals) = postSolution
		SolutionGuid = {67CDE088-EA3F-405F-8B2C-C3E6D2212957}
	EndGlobalSection
EndGlobal
